<Solution>
  <Project Path="GameFramework.UI.csproj" />
  <Project Path="GameFramework.Runtime.csproj" />
  <Project Path="GameFramework.Gameplay.csproj" />
  <Project Path="GameFramework.Runtime.Tests.csproj" />
  <Project Path="GameFramework.Samples.Phase4Demo.csproj" />
  <Project Path="GameFramework.Input.csproj" />
  <Project Path="GameFramework.PlayerSystems.csproj" />
  <Project Path="GameFramework.Localization.csproj" />
  <Project Path="GameFramework.Audio.csproj" />
  <Project Path="GameFramework.Gameplay.Tests.csproj" />
  <Project Path="GameFramework.Audio.Tests.csproj" />
  <Project Path="GameFramework.Samples.Phase2Demo.csproj" />
  <Project Path="GameFramework.Core.csproj" />
  <Project Path="GameFramework.Feedback.Tests.csproj" />
  <Project Path="GameFramework.UI.Tests.Runtime.csproj" />
  <Project Path="GameFramework.Feedback.csproj" />
  <Project Path="GameFramework.Input.Tests.csproj" />
  <Project Path="GameFramework.Core.Tests.csproj" />
  <Project Path="GameFramework.PlayerSystems.Tests.Runtime.csproj" />
  <Project Path="GameFramework.Samples.Phase3Demo.csproj" />
  <Project Path="GameFramework.Gameplay.Tests.Runtime.csproj" />
  <Project Path="GameFramework.Runtime.Tests.Runtime.csproj" />
  <Project Path="GameFramework.Editor.csproj" />
  <Project Path="GameFramework.Samples.Phase1Demo.csproj" />
  <Project Path="GameFramework.Core.Tests.Runtime.csproj" />
  <Project Path="GameFramework.Audio.Tests.Runtime.csproj" />
  <Project Path="GameFramework.Samples.Phase0Demo.csproj" />
  <Project Path="GameFramework.Localization.Tests.csproj" />
</Solution>
