<Solution>
  <Project Path="GameFramework.PlayerData.csproj" />
  <Project Path="GameFramework.UI.csproj" />
  <Project Path="GameFramework.Runtime.csproj" />
  <Project Path="GameFramework.GameFlow.Tests.csproj" />
  <Project Path="GameFramework.Gameplay.csproj" />
  <Project Path="GameFramework.Rewards.csproj" />
  <Project Path="GameFramework.Progression.csproj" />
  <Project Path="GameFramework.Unlocks.Tests.csproj" />
  <Project Path="GameFramework.Performance.csproj" />
  <Project Path="GameFramework.UI.Navigation.csproj" />
  <Project Path="GameFramework.Samples.Phase11Demo.csproj" />
  <Project Path="GameFramework.Tutorials.Tests.csproj" />
  <Project Path="GameFramework.Cameras.Cinemachine.csproj" />
  <Project Path="GameFramework.Platform.csproj" />
  <Project Path="GameFramework.Editor.csproj" />
  <Project Path="GameFramework.Presentation.Tests.csproj" />
  <Project Path="GameFramework.Runtime.Tests.csproj" />
  <Project Path="GameFramework.Samples.Phase4Demo.csproj" />
  <Project Path="GameFramework.Tutorials.csproj" />
  <Project Path="GameFramework.Input.csproj" />
  <Project Path="GameFramework.PlayerData.Tests.csproj" />
  <Project Path="GameFramework.Presentation.csproj" />
  <Project Path="GameFramework.Cameras.csproj" />
  <Project Path="GameFramework.GameFlow.csproj" />
  <Project Path="GameFramework.Quests.csproj" />
  <Project Path="GameFramework.PlayerSystems.csproj" />
  <Project Path="GameFramework.Analytics.csproj" />
  <Project Path="GameFramework.Localization.csproj" />
  <Project Path="GameFramework.Samples.Phase12Demo.csproj" />
  <Project Path="GameFramework.Audio.csproj" />
  <Project Path="GameFramework.Gameplay.Tests.csproj" />
  <Project Path="GameFramework.Analytics.Tests.csproj" />
  <Project Path="GameFramework.Cameras.Tests.csproj" />
  <Project Path="GameFramework.Audio.Tests.csproj" />
  <Project Path="GameFramework.Monetization.csproj" />
  <Project Path="GameFramework.Performance.Tests.csproj" />
  <Project Path="GameFramework.Samples.Phase2Demo.csproj" />
  <Project Path="GameFramework.UI.Navigation.Tests.Runtime.csproj" />
  <Project Path="GameFramework.Core.csproj" />
  <Project Path="GameFramework.Feedback.Tests.csproj" />
  <Project Path="GameFramework.Platform.Tests.Runtime.csproj" />
  <Project Path="GameFramework.UI.Tests.Runtime.csproj" />
  <Project Path="GameFramework.Monetization.Tests.csproj" />
  <Project Path="GameFramework.Feedback.csproj" />
  <Project Path="GameFramework.Quests.Tests.csproj" />
  <Project Path="GameFramework.Progression.Tests.csproj" />
  <Project Path="GameFramework.Input.Tests.csproj" />
  <Project Path="GameFramework.Rewards.Tests.csproj" />
  <Project Path="GameFramework.Unlocks.csproj" />
  <Project Path="GameFramework.Analytics.Integration.csproj" />
  <Project Path="GameFramework.PlayerData.Tests.Runtime.csproj" />
  <Project Path="GameFramework.Core.Tests.csproj" />
  <Project Path="GameFramework.Samples.Phase9Demo.csproj" />
  <Project Path="GameFramework.Cameras.Cinemachine.Editor.csproj" />
  <Project Path="GameFramework.PlayerSystems.Tests.Runtime.csproj" />
  <Project Path="GameFramework.Samples.Phase10Demo.csproj" />
  <Project Path="GameFramework.Samples.Phase3Demo.csproj" />
  <Project Path="GameFramework.Gameplay.Tests.Runtime.csproj" />
  <Project Path="GameFramework.Runtime.Tests.Runtime.csproj" />
  <Project Path="GameFramework.Samples.Phase6Demo.csproj" />
  <Project Path="GameFramework.Samples.Phase5Benchmark.csproj" />
  <Project Path="GameFramework.Samples.Phase1Demo.csproj" />
  <Project Path="GameFramework.Core.Tests.Runtime.csproj" />
  <Project Path="GameFramework.Samples.Phase7Demo.csproj" />
  <Project Path="GameFramework.Presentation.Tests.Runtime.csproj" />
  <Project Path="GameFramework.Cameras.Tests.Runtime.csproj" />
  <Project Path="GameFramework.Cameras.Cinemachine.Tests.csproj" />
  <Project Path="GameFramework.Audio.Tests.Runtime.csproj" />
  <Project Path="GameFramework.Samples.Phase0Demo.csproj" />
  <Project Path="GameFramework.Cameras.Cinemachine.Tests.Runtime.csproj" />
  <Project Path="GameFramework.Localization.Tests.csproj" />
</Solution>
